
Microsoft Visual Studio Solution File, Format Version 12.00
# Visual Studio 15
VisualStudioVersion = 15.0.26124.0
MinimumVisualStudioVersion = 15.0.26124.0
Project("{FAE04EC0-301F-11D3-BF4B-00C04F79EFBC}") = "Builder", "Builder\Builder.csproj", "{B3A48E8C-FFDC-412F-9B52-07A8D008B3BC}"
EndProject
Global
	GlobalSection(SolutionConfigurationPlatforms) = preSolution
		Debug|Any CPU = Debug|Any CPU
		Debug|x64 = Debug|x64
		Debug|x86 = Debug|x86
		Release|Any CPU = Release|Any CPU
		Release|x64 = Release|x64
		Release|x86 = Release|x86
	EndGlobalSection
	GlobalSection(SolutionProperties) = preSolution
		HideSolutionNode = FALSE
	EndGlobalSection
	GlobalSection(ProjectConfigurationPlatforms) = postSolution
		{B3A48E8C-FFDC-412F-9B52-07A8D008B3BC}.Debug|Any CPU.ActiveCfg = Debug|Any CPU
		{B3A48E8C-FFDC-412F-9B52-07A8D008B3BC}.Debug|Any CPU.Build.0 = Debug|Any CPU
		{B3A48E8C-FFDC-412F-9B52-07A8D008B3BC}.Debug|x64.ActiveCfg = Debug|Any CPU
		{B3A48E8C-FFDC-412F-9B52-07A8D008B3BC}.Debug|x64.Build.0 = Debug|Any CPU
		{B3A48E8C-FFDC-412F-9B52-07A8D008B3BC}.Debug|x86.ActiveCfg = Debug|Any CPU
		{B3A48E8C-FFDC-412F-9B52-07A8D008B3BC}.Debug|x86.Build.0 = Debug|Any CPU
		{B3A48E8C-FFDC-412F-9B52-07A8D008B3BC}.Release|Any CPU.ActiveCfg = Release|Any CPU
		{B3A48E8C-FFDC-412F-9B52-07A8D008B3BC}.Release|Any CPU.Build.0 = Release|Any CPU
		{B3A48E8C-FFDC-412F-9B52-07A8D008B3BC}.Release|x64.ActiveCfg = Release|Any CPU
		{B3A48E8C-FFDC-412F-9B52-07A8D008B3BC}.Release|x64.Build.0 = Release|Any CPU
		{B3A48E8C-FFDC-412F-9B52-07A8D008B3BC}.Release|x86.ActiveCfg = Release|Any CPU
		{B3A48E8C-FFDC-412F-9B52-07A8D008B3BC}.Release|x86.Build.0 = Release|Any CPU
	EndGlobalSection
EndGlobal
